// !$*UTF8*$!
{
	archiveVersion = 1;
	classes = {
	};
	objectVersion = 48;
	objects = {

/* Begin PBXBuildFile section */
		1D04998D1FB3F69C0048CDEA /* ConfigDB.m in Sources */ = {isa = PBXBuildFile; fileRef = 1D04998C1FB3F69C0048CDEA /* ConfigDB.m */; };
		1D076ABB1FD578C700F4E985 /* CCAppleDelegate.m in Sources */ = {isa = PBXBuildFile; fileRef = 1D076ABA1FD578C700F4E985 /* CCAppleDelegate.m */; };
		1D076ABE1FD579E300F4E985 /* CCExampleListViewController.m in Sources */ = {isa = PBXBuildFile; fileRef = 1D076ABD1FD579E300F4E985 /* CCExampleListViewController.m */; };
		1D076AC11FD57BD700F4E985 /* CCExampleViewController.m in Sources */ = {isa = PBXBuildFile; fileRef = 1D076AC01FD57BD700F4E985 /* CCExampleViewController.m */; };
		1D08A9B61FD5836100764876 /* Main.storyboard in Resources */ = {isa = PBXBuildFile; fileRef = 1D08A9B51FD5836100764876 /* Main.storyboard */; };
		1D17F6331FD79E6F00BE2A73 /* CCPicekerViewDataSoure.m in Sources */ = {isa = PBXBuildFile; fileRef = 1D17F6321FD79E6F00BE2A73 /* CCPicekerViewDataSoure.m */; };
		1D1DB3431FD58131008E8E3C /* CCAllDataView.m in Sources */ = {isa = PBXBuildFile; fileRef = 1D1DB3421FD58131008E8E3C /* CCAllDataView.m */; };
		1D1DB3461FD5816F008E8E3C /* CCModelDataView.m in Sources */ = {isa = PBXBuildFile; fileRef = 1D1DB3451FD5816F008E8E3C /* CCModelDataView.m */; };
		1D28BD231FDC196F003E76BD /* ConfigCenterTests.m in Sources */ = {isa = PBXBuildFile; fileRef = 1D28BD221FDC196F003E76BD /* ConfigCenterTests.m */; };
		1D28BD2C1FDC1EE2003E76BD /* LJConfigManager.m in Sources */ = {isa = PBXBuildFile; fileRef = 1D28BD2A1FDC1EE2003E76BD /* LJConfigManager.m */; };
		1D3040ED1FA2CB4100A66629 /* Assets.xcassets in Resources */ = {isa = PBXBuildFile; fileRef = 1D3040EC1FA2CB4100A66629 /* Assets.xcassets */; };
		1D3040F01FA2CB4100A66629 /* LaunchScreen.storyboard in Resources */ = {isa = PBXBuildFile; fileRef = 1D3040EE1FA2CB4100A66629 /* LaunchScreen.storyboard */; };
		1D3040F31FA2CB4100A66629 /* main.m in Sources */ = {isa = PBXBuildFile; fileRef = 1D3040F21FA2CB4100A66629 /* main.m */; };
		1D3040FF1FA2D3C800A66629 /* ConfigManager.m in Sources */ = {isa = PBXBuildFile; fileRef = 1D3040FE1FA2D3C800A66629 /* ConfigManager.m */; };
		1D3041081FA30FAC00A66629 /* ConfigUtils.m in Sources */ = {isa = PBXBuildFile; fileRef = 1D3041071FA30FAC00A66629 /* ConfigUtils.m */; };
		1D6D98CA1FDA79B800BB3B18 /* NSString+Utils.m in Sources */ = {isa = PBXBuildFile; fileRef = 1D6D98C91FDA79B800BB3B18 /* NSString+Utils.m */; };
		398285888C69562BCE83F222 /* libPods-ConfigCenter.a in Frameworks */ = {isa = PBXBuildFile; fileRef = F853503EB348982DC735B374 /* libPods-ConfigCenter.a */; };
/* End PBXBuildFile section */

/* Begin PBXContainerItemProxy section */
		1D28BD251FDC196F003E76BD /* PBXContainerItemProxy */ = {
			isa = PBXContainerItemProxy;
			containerPortal = 1D3040D81FA2CB4000A66629 /* Project object */;
			proxyType = 1;
			remoteGlobalIDString = 1D3040DF1FA2CB4100A66629;
			remoteInfo = ConfigCenter;
		};
/* End PBXContainerItemProxy section */

/* Begin PBXFileReference section */
		02ABEB7891D475E9DEBD7076 /* Pods-ConfigCenter.debug.xcconfig */ = {isa = PBXFileReference; includeInIndex = 1; lastKnownFileType = text.xcconfig; name = "Pods-ConfigCenter.debug.xcconfig"; path = "Pods/Target Support Files/Pods-ConfigCenter/Pods-ConfigCenter.debug.xcconfig"; sourceTree = "<group>"; };
		1D04998B1FB3F69C0048CDEA /* ConfigDB.h */ = {isa = PBXFileReference; lastKnownFileType = sourcecode.c.h; path = ConfigDB.h; sourceTree = "<group>"; };
		1D04998C1FB3F69C0048CDEA /* ConfigDB.m */ = {isa = PBXFileReference; lastKnownFileType = sourcecode.c.objc; path = ConfigDB.m; sourceTree = "<group>"; };
		1D076AB91FD578C700F4E985 /* CCAppleDelegate.h */ = {isa = PBXFileReference; lastKnownFileType = sourcecode.c.h; path = CCAppleDelegate.h; sourceTree = "<group>"; };
		1D076ABA1FD578C700F4E985 /* CCAppleDelegate.m */ = {isa = PBXFileReference; lastKnownFileType = sourcecode.c.objc; path = CCAppleDelegate.m; sourceTree = "<group>"; };
		1D076ABC1FD579E300F4E985 /* CCExampleListViewController.h */ = {isa = PBXFileReference; lastKnownFileType = sourcecode.c.h; path = CCExampleListViewController.h; sourceTree = "<group>"; };
		1D076ABD1FD579E300F4E985 /* CCExampleListViewController.m */ = {isa = PBXFileReference; lastKnownFileType = sourcecode.c.objc; path = CCExampleListViewController.m; sourceTree = "<group>"; };
		1D076ABF1FD57BD700F4E985 /* CCExampleViewController.h */ = {isa = PBXFileReference; lastKnownFileType = sourcecode.c.h; path = CCExampleViewController.h; sourceTree = "<group>"; };
		1D076AC01FD57BD700F4E985 /* CCExampleViewController.m */ = {isa = PBXFileReference; lastKnownFileType = sourcecode.c.objc; path = CCExampleViewController.m; sourceTree = "<group>"; };
		1D08A9B51FD5836100764876 /* Main.storyboard */ = {isa = PBXFileReference; fileEncoding = 4; lastKnownFileType = file.storyboard; path = Main.storyboard; sourceTree = "<group>"; };
		1D17F6311FD79E6F00BE2A73 /* CCPicekerViewDataSoure.h */ = {isa = PBXFileReference; lastKnownFileType = sourcecode.c.h; path = CCPicekerViewDataSoure.h; sourceTree = "<group>"; };
		1D17F6321FD79E6F00BE2A73 /* CCPicekerViewDataSoure.m */ = {isa = PBXFileReference; lastKnownFileType = sourcecode.c.objc; path = CCPicekerViewDataSoure.m; sourceTree = "<group>"; };
		1D1DB3411FD58131008E8E3C /* CCAllDataView.h */ = {isa = PBXFileReference; fileEncoding = 4; lastKnownFileType = sourcecode.c.h; path = CCAllDataView.h; sourceTree = "<group>"; };
		1D1DB3421FD58131008E8E3C /* CCAllDataView.m */ = {isa = PBXFileReference; fileEncoding = 4; lastKnownFileType = sourcecode.c.objc; path = CCAllDataView.m; sourceTree = "<group>"; };
		1D1DB3441FD5816F008E8E3C /* CCModelDataView.h */ = {isa = PBXFileReference; fileEncoding = 4; lastKnownFileType = sourcecode.c.h; path = CCModelDataView.h; sourceTree = "<group>"; };
		1D1DB3451FD5816F008E8E3C /* CCModelDataView.m */ = {isa = PBXFileReference; fileEncoding = 4; lastKnownFileType = sourcecode.c.objc; path = CCModelDataView.m; sourceTree = "<group>"; };
		1D28BD201FDC196F003E76BD /* ConfigCenterTests.xctest */ = {isa = PBXFileReference; explicitFileType = wrapper.cfbundle; includeInIndex = 0; path = ConfigCenterTests.xctest; sourceTree = BUILT_PRODUCTS_DIR; };
		1D28BD221FDC196F003E76BD /* ConfigCenterTests.m */ = {isa = PBXFileReference; lastKnownFileType = sourcecode.c.objc; path = ConfigCenterTests.m; sourceTree = "<group>"; };
		1D28BD241FDC196F003E76BD /* Info.plist */ = {isa = PBXFileReference; lastKnownFileType = text.plist.xml; path = Info.plist; sourceTree = "<group>"; };
		1D28BD2A1FDC1EE2003E76BD /* LJConfigManager.m */ = {isa = PBXFileReference; fileEncoding = 4; lastKnownFileType = sourcecode.c.objc; path = LJConfigManager.m; sourceTree = "<group>"; };
		1D28BD2B1FDC1EE2003E76BD /* LJConfigManager.h */ = {isa = PBXFileReference; fileEncoding = 4; lastKnownFileType = sourcecode.c.h; path = LJConfigManager.h; sourceTree = "<group>"; };
		1D3040E01FA2CB4100A66629 /* ConfigCenter.app */ = {isa = PBXFileReference; explicitFileType = wrapper.application; includeInIndex = 0; path = ConfigCenter.app; sourceTree = BUILT_PRODUCTS_DIR; };
		1D3040EC1FA2CB4100A66629 /* Assets.xcassets */ = {isa = PBXFileReference; lastKnownFileType = folder.assetcatalog; path = Assets.xcassets; sourceTree = "<group>"; };
		1D3040EF1FA2CB4100A66629 /* Base */ = {isa = PBXFileReference; lastKnownFileType = file.storyboard; name = Base; path = Base.lproj/LaunchScreen.storyboard; sourceTree = "<group>"; };
		1D3040F11FA2CB4100A66629 /* Info.plist */ = {isa = PBXFileReference; lastKnownFileType = text.plist.xml; path = Info.plist; sourceTree = "<group>"; };
		1D3040F21FA2CB4100A66629 /* main.m */ = {isa = PBXFileReference; lastKnownFileType = sourcecode.c.objc; path = main.m; sourceTree = "<group>"; };
		1D3040FD1FA2D3C800A66629 /* ConfigManager.h */ = {isa = PBXFileReference; lastKnownFileType = sourcecode.c.h; path = ConfigManager.h; sourceTree = "<group>"; };
		1D3040FE1FA2D3C800A66629 /* ConfigManager.m */ = {isa = PBXFileReference; lastKnownFileType = sourcecode.c.objc; path = ConfigManager.m; sourceTree = "<group>"; };
		1D3041061FA30FAC00A66629 /* ConfigUtils.h */ = {isa = PBXFileReference; lastKnownFileType = sourcecode.c.h; path = ConfigUtils.h; sourceTree = "<group>"; };
		1D3041071FA30FAC00A66629 /* ConfigUtils.m */ = {isa = PBXFileReference; lastKnownFileType = sourcecode.c.objc; path = ConfigUtils.m; sourceTree = "<group>"; };
		1D6D98C81FDA79B800BB3B18 /* NSString+Utils.h */ = {isa = PBXFileReference; lastKnownFileType = sourcecode.c.h; path = "NSString+Utils.h"; sourceTree = "<group>"; };
		1D6D98C91FDA79B800BB3B18 /* NSString+Utils.m */ = {isa = PBXFileReference; lastKnownFileType = sourcecode.c.objc; path = "NSString+Utils.m"; sourceTree = "<group>"; };
		5885028EC60541D8EDD9A5BB /* Pods-ConfigCenter.release.xcconfig */ = {isa = PBXFileReference; includeInIndex = 1; lastKnownFileType = text.xcconfig; name = "Pods-ConfigCenter.release.xcconfig"; path = "Pods/Target Support Files/Pods-ConfigCenter/Pods-ConfigCenter.release.xcconfig"; sourceTree = "<group>"; };
		F853503EB348982DC735B374 /* libPods-ConfigCenter.a */ = {isa = PBXFileReference; explicitFileType = archive.ar; includeInIndex = 0; path = "libPods-ConfigCenter.a"; sourceTree = BUILT_PRODUCTS_DIR; };
/* End PBXFileReference section */

/* Begin PBXFrameworksBuildPhase section */
		1D28BD1D1FDC196F003E76BD /* Frameworks */ = {
			isa = PBXFrameworksBuildPhase;
			buildActionMask = 2147483647;
			files = (
			);
			runOnlyForDeploymentPostprocessing = 0;
		};
		1D3040DD1FA2CB4100A66629 /* Frameworks */ = {
			isa = PBXFrameworksBuildPhase;
			buildActionMask = 2147483647;
			files = (
				398285888C69562BCE83F222 /* libPods-ConfigCenter.a in Frameworks */,
			);
			runOnlyForDeploymentPostprocessing = 0;
		};
/* End PBXFrameworksBuildPhase section */

/* Begin PBXGroup section */
		1D28BD211FDC196F003E76BD /* ConfigCenterTests */ = {
			isa = PBXGroup;
			children = (
				1D28BD221FDC196F003E76BD /* ConfigCenterTests.m */,
				1D28BD241FDC196F003E76BD /* Info.plist */,
			);
			path = ConfigCenterTests;
			sourceTree = "<group>";
		};
		1D3040D71FA2CB4000A66629 = {
			isa = PBXGroup;
			children = (
				1D3040E21FA2CB4100A66629 /* ConfigCenter */,
				1D28BD211FDC196F003E76BD /* ConfigCenterTests */,
				1D3040E11FA2CB4100A66629 /* Products */,
				399EAA9134BA7EE44E63045A /* Pods */,
				CD2DE01C8558458DB4F5289D /* Frameworks */,
			);
			sourceTree = "<group>";
		};
		1D3040E11FA2CB4100A66629 /* Products */ = {
			isa = PBXGroup;
			children = (
				1D3040E01FA2CB4100A66629 /* ConfigCenter.app */,
				1D28BD201FDC196F003E76BD /* ConfigCenterTests.xctest */,
			);
			name = Products;
			sourceTree = "<group>";
		};
		1D3040E21FA2CB4100A66629 /* ConfigCenter */ = {
			isa = PBXGroup;
			children = (
				1D076AB91FD578C700F4E985 /* CCAppleDelegate.h */,
				1D076ABA1FD578C700F4E985 /* CCAppleDelegate.m */,
				1D076ABC1FD579E300F4E985 /* CCExampleListViewController.h */,
				1D076ABD1FD579E300F4E985 /* CCExampleListViewController.m */,
				1D076ABF1FD57BD700F4E985 /* CCExampleViewController.h */,
				1D076AC01FD57BD700F4E985 /* CCExampleViewController.m */,
				1D1DB3411FD58131008E8E3C /* CCAllDataView.h */,
				1D1DB3421FD58131008E8E3C /* CCAllDataView.m */,
				1D1DB3441FD5816F008E8E3C /* CCModelDataView.h */,
				1D1DB3451FD5816F008E8E3C /* CCModelDataView.m */,
				1D17F6311FD79E6F00BE2A73 /* CCPicekerViewDataSoure.h */,
				1D17F6321FD79E6F00BE2A73 /* CCPicekerViewDataSoure.m */,
				1D28BD2B1FDC1EE2003E76BD /* LJConfigManager.h */,
				1D28BD2A1FDC1EE2003E76BD /* LJConfigManager.m */,
				1D3040F91FA2CF7700A66629 /* Config */,
				1D3040EC1FA2CB4100A66629 /* Assets.xcassets */,
				1D08A9B51FD5836100764876 /* Main.storyboard */,
				1D3040EE1FA2CB4100A66629 /* LaunchScreen.storyboard */,
				1D3040F11FA2CB4100A66629 /* Info.plist */,
				1D3040F21FA2CB4100A66629 /* main.m */,
			);
			path = ConfigCenter;
			sourceTree = "<group>";
		};
		1D3040F91FA2CF7700A66629 /* Config */ = {
			isa = PBXGroup;
			children = (
				1D6D98C71FDA799400BB3B18 /* Utils */,
				1D3040FD1FA2D3C800A66629 /* ConfigManager.h */,
				1D3040FE1FA2D3C800A66629 /* ConfigManager.m */,
				1D04998B1FB3F69C0048CDEA /* ConfigDB.h */,
				1D04998C1FB3F69C0048CDEA /* ConfigDB.m */,
			);
			path = Config;
			sourceTree = "<group>";
		};
		1D6D98C71FDA799400BB3B18 /* Utils */ = {
			isa = PBXGroup;
			children = (
				1D6D98C81FDA79B800BB3B18 /* NSString+Utils.h */,
				1D6D98C91FDA79B800BB3B18 /* NSString+Utils.m */,
				1D3041061FA30FAC00A66629 /* ConfigUtils.h */,
				1D3041071FA30FAC00A66629 /* ConfigUtils.m */,
			);
			path = Utils;
			sourceTree = "<group>";
		};
		399EAA9134BA7EE44E63045A /* Pods */ = {
			isa = PBXGroup;
			children = (
				02ABEB7891D475E9DEBD7076 /* Pods-ConfigCenter.debug.xcconfig */,
				5885028EC60541D8EDD9A5BB /* Pods-ConfigCenter.release.xcconfig */,
			);
			name = Pods;
			sourceTree = "<group>";
		};
		CD2DE01C8558458DB4F5289D /* Frameworks */ = {
			isa = PBXGroup;
			children = (
				F853503EB348982DC735B374 /* libPods-ConfigCenter.a */,
			);
			name = Frameworks;
			sourceTree = "<group>";
		};
/* End PBXGroup section */

/* Begin PBXNativeTarget section */
		1D28BD1F1FDC196F003E76BD /* ConfigCenterTests */ = {
			isa = PBXNativeTarget;
			buildConfigurationList = 1D28BD291FDC196F003E76BD /* Build configuration list for PBXNativeTarget "ConfigCenterTests" */;
			buildPhases = (
				1D28BD1C1FDC196F003E76BD /* Sources */,
				1D28BD1D1FDC196F003E76BD /* Frameworks */,
				1D28BD1E1FDC196F003E76BD /* Resources */,
			);
			buildRules = (
			);
			dependencies = (
				1D28BD261FDC196F003E76BD /* PBXTargetDependency */,
			);
			name = ConfigCenterTests;
			productName = ConfigCenterTests;
			productReference = 1D28BD201FDC196F003E76BD /* ConfigCenterTests.xctest */;
			productType = "com.apple.product-type.bundle.unit-test";
		};
		1D3040DF1FA2CB4100A66629 /* ConfigCenter */ = {
			isa = PBXNativeTarget;
			buildConfigurationList = 1D3040F61FA2CB4200A66629 /* Build configuration list for PBXNativeTarget "ConfigCenter" */;
			buildPhases = (
				63F0EF3C8439916A65D18362 /* [CP] Check Pods Manifest.lock */,
				1D3040DC1FA2CB4100A66629 /* Sources */,
				1D3040DD1FA2CB4100A66629 /* Frameworks */,
				1D3040DE1FA2CB4100A66629 /* Resources */,
				907B3DC3DAD65802CD9EEBE0 /* [CP] Embed Pods Frameworks */,
				A15745B0B0FC407BC8B5D2C2 /* [CP] Copy Pods Resources */,
			);
			buildRules = (
			);
			dependencies = (
			);
			name = ConfigCenter;
			productName = ConfigCenter;
			productReference = 1D3040E01FA2CB4100A66629 /* ConfigCenter.app */;
			productType = "com.apple.product-type.application";
		};
/* End PBXNativeTarget section */

/* Begin PBXProject section */
		1D3040D81FA2CB4000A66629 /* Project object */ = {
			isa = PBXProject;
			attributes = {
				LastUpgradeCheck = 0900;
				ORGANIZATIONNAME = "刘健";
				TargetAttributes = {
					1D28BD1F1FDC196F003E76BD = {
						CreatedOnToolsVersion = 9.1;
						ProvisioningStyle = Automatic;
						TestTargetID = 1D3040DF1FA2CB4100A66629;
					};
					1D3040DF1FA2CB4100A66629 = {
						CreatedOnToolsVersion = 9.0;
						ProvisioningStyle = Automatic;
					};
				};
			};
			buildConfigurationList = 1D3040DB1FA2CB4100A66629 /* Build configuration list for PBXProject "ConfigCenter" */;
			compatibilityVersion = "Xcode 8.0";
			developmentRegion = en;
			hasScannedForEncodings = 0;
			knownRegions = (
				en,
				Base,
			);
			mainGroup = 1D3040D71FA2CB4000A66629;
			productRefGroup = 1D3040E11FA2CB4100A66629 /* Products */;
			projectDirPath = "";
			projectRoot = "";
			targets = (
				1D3040DF1FA2CB4100A66629 /* ConfigCenter */,
				1D28BD1F1FDC196F003E76BD /* ConfigCenterTests */,
			);
		};
/* End PBXProject section */

/* Begin PBXResourcesBuildPhase section */
		1D28BD1E1FDC196F003E76BD /* Resources */ = {
			isa = PBXResourcesBuildPhase;
			buildActionMask = 2147483647;
			files = (
			);
			runOnlyForDeploymentPostprocessing = 0;
		};
		1D3040DE1FA2CB4100A66629 /* Resources */ = {
			isa = PBXResourcesBuildPhase;
			buildActionMask = 2147483647;
			files = (
				1D08A9B61FD5836100764876 /* Main.storyboard in Resources */,
				1D3040F01FA2CB4100A66629 /* LaunchScreen.storyboard in Resources */,
				1D3040ED1FA2CB4100A66629 /* Assets.xcassets in Resources */,
			);
			runOnlyForDeploymentPostprocessing = 0;
		};
/* End PBXResourcesBuildPhase section */

/* Begin PBXShellScriptBuildPhase section */
		63F0EF3C8439916A65D18362 /* [CP] Check Pods Manifest.lock */ = {
			isa = PBXShellScriptBuildPhase;
			buildActionMask = 2147483647;
			files = (
			);
			inputPaths = (
				"${PODS_PODFILE_DIR_PATH}/Podfile.lock",
				"${PODS_ROOT}/Manifest.lock",
			);
			name = "[CP] Check Pods Manifest.lock";
			outputPaths = (
				"$(DERIVED_FILE_DIR)/Pods-ConfigCenter-checkManifestLockResult.txt",
			);
			runOnlyForDeploymentPostprocessing = 0;
			shellPath = /bin/sh;
			shellScript = "diff \"${PODS_PODFILE_DIR_PATH}/Podfile.lock\" \"${PODS_ROOT}/Manifest.lock\" > /dev/null\nif [ $? != 0 ] ; then\n    # print error to STDERR\n    echo \"error: The sandbox is not in sync with the Podfile.lock. Run 'pod install' or update your CocoaPods installation.\" >&2\n    exit 1\nfi\n# This output is used by Xcode 'outputs' to avoid re-running this script phase.\necho \"SUCCESS\" > \"${SCRIPT_OUTPUT_FILE_0}\"\n";
			showEnvVarsInLog = 0;
		};
		907B3DC3DAD65802CD9EEBE0 /* [CP] Embed Pods Frameworks */ = {
			isa = PBXShellScriptBuildPhase;
			buildActionMask = 2147483647;
			files = (
			);
			inputPaths = (
			);
			name = "[CP] Embed Pods Frameworks";
			outputPaths = (
			);
			runOnlyForDeploymentPostprocessing = 0;
			shellPath = /bin/sh;
			shellScript = "\"${SRCROOT}/Pods/Target Support Files/Pods-ConfigCenter/Pods-ConfigCenter-frameworks.sh\"\n";
			showEnvVarsInLog = 0;
		};
		A15745B0B0FC407BC8B5D2C2 /* [CP] Copy Pods Resources */ = {
			isa = PBXShellScriptBuildPhase;
			buildActionMask = 2147483647;
			files = (
			);
			inputPaths = (
			);
			name = "[CP] Copy Pods Resources";
			outputPaths = (
			);
			runOnlyForDeploymentPostprocessing = 0;
			shellPath = /bin/sh;
			shellScript = "\"${SRCROOT}/Pods/Target Support Files/Pods-ConfigCenter/Pods-ConfigCenter-resources.sh\"\n";
			showEnvVarsInLog = 0;
		};
/* End PBXShellScriptBuildPhase section */

/* Begin PBXSourcesBuildPhase section */
		1D28BD1C1FDC196F003E76BD /* Sources */ = {
			isa = PBXSourcesBuildPhase;
			buildActionMask = 2147483647;
			files = (
				1D28BD231FDC196F003E76BD /* ConfigCenterTests.m in Sources */,
			);
			runOnlyForDeploymentPostprocessing = 0;
		};
		1D3040DC1FA2CB4100A66629 /* Sources */ = {
			isa = PBXSourcesBuildPhase;
			buildActionMask = 2147483647;
			files = (
				1D1DB3431FD58131008E8E3C /* CCAllDataView.m in Sources */,
				1D076ABE1FD579E300F4E985 /* CCExampleListViewController.m in Sources */,
				1D04998D1FB3F69C0048CDEA /* ConfigDB.m in Sources */,
				1D076ABB1FD578C700F4E985 /* CCAppleDelegate.m in Sources */,
				1D076AC11FD57BD700F4E985 /* CCExampleViewController.m in Sources */,
				1D6D98CA1FDA79B800BB3B18 /* NSString+Utils.m in Sources */,
				1D3041081FA30FAC00A66629 /* ConfigUtils.m in Sources */,
				1D17F6331FD79E6F00BE2A73 /* CCPicekerViewDataSoure.m in Sources */,
				1D3040F31FA2CB4100A66629 /* main.m in Sources */,
				1D1DB3461FD5816F008E8E3C /* CCModelDataView.m in Sources */,
				1D3040FF1FA2D3C800A66629 /* ConfigManager.m in Sources */,
				1D28BD2C1FDC1EE2003E76BD /* LJConfigManager.m in Sources */,
			);
			runOnlyForDeploymentPostprocessing = 0;
		};
/* End PBXSourcesBuildPhase section */

/* Begin PBXTargetDependency section */
		1D28BD261FDC196F003E76BD /* PBXTargetDependency */ = {
			isa = PBXTargetDependency;
			target = 1D3040DF1FA2CB4100A66629 /* ConfigCenter */;
			targetProxy = 1D28BD251FDC196F003E76BD /* PBXContainerItemProxy */;
		};
/* End PBXTargetDependency section */

/* Begin PBXVariantGroup section */
		1D3040EE1FA2CB4100A66629 /* LaunchScreen.storyboard */ = {
			isa = PBXVariantGroup;
			children = (
				1D3040EF1FA2CB4100A66629 /* Base */,
			);
			name = LaunchScreen.storyboard;
			sourceTree = "<group>";
		};
/* End PBXVariantGroup section */

/* Begin XCBuildConfiguration section */
		1D28BD271FDC196F003E76BD /* Debug */ = {
			isa = XCBuildConfiguration;
			buildSettings = {
				BUNDLE_LOADER = "$(TEST_HOST)";
				CODE_SIGN_STYLE = Automatic;
				DEVELOPMENT_TEAM = SYNJQ6CWNM;
				INFOPLIST_FILE = ConfigCenterTests/Info.plist;
				IPHONEOS_DEPLOYMENT_TARGET = 11.1;
				LD_RUNPATH_SEARCH_PATHS = "$(inherited) @executable_path/Frameworks @loader_path/Frameworks";
				PRODUCT_BUNDLE_IDENTIFIER = "---------------.ConfigCenterTests";
				PRODUCT_NAME = "$(TARGET_NAME)";
				TARGETED_DEVICE_FAMILY = "1,2";
				TEST_HOST = "$(BUILT_PRODUCTS_DIR)/ConfigCenter.app/ConfigCenter";
			};
			name = Debug;
		};
		1D28BD281FDC196F003E76BD /* Release */ = {
			isa = XCBuildConfiguration;
			buildSettings = {
				BUNDLE_LOADER = "$(TEST_HOST)";
				CODE_SIGN_STYLE = Automatic;
				DEVELOPMENT_TEAM = SYNJQ6CWNM;
				INFOPLIST_FILE = ConfigCenterTests/Info.plist;
				IPHONEOS_DEPLOYMENT_TARGET = 11.1;
				LD_RUNPATH_SEARCH_PATHS = "$(inherited) @executable_path/Frameworks @loader_path/Frameworks";
				PRODUCT_BUNDLE_IDENTIFIER = "---------------.ConfigCenterTests";
				PRODUCT_NAME = "$(TARGET_NAME)";
				TARGETED_DEVICE_FAMILY = "1,2";
				TEST_HOST = "$(BUILT_PRODUCTS_DIR)/ConfigCenter.app/ConfigCenter";
			};
			name = Release;
		};
		1D3040F41FA2CB4100A66629 /* Debug */ = {
			isa = XCBuildConfiguration;
			buildSettings = {
				ALWAYS_SEARCH_USER_PATHS = NO;
				CLANG_ANALYZER_NONNULL = YES;
				CLANG_ANALYZER_NUMBER_OBJECT_CONVERSION = YES_AGGRESSIVE;
				CLANG_CXX_LANGUAGE_STANDARD = "gnu++14";
				CLANG_CXX_LIBRARY = "libc++";
				CLANG_ENABLE_MODULES = YES;
				CLANG_ENABLE_OBJC_ARC = YES;
				CLANG_WARN_BLOCK_CAPTURE_AUTORELEASING = YES;
				CLANG_WARN_BOOL_CONVERSION = YES;
				CLANG_WARN_COMMA = YES;
				CLANG_WARN_CONSTANT_CONVERSION = YES;
				CLANG_WARN_DIRECT_OBJC_ISA_USAGE = YES_ERROR;
				CLANG_WARN_DOCUMENTATION_COMMENTS = YES;
				CLANG_WARN_EMPTY_BODY = YES;
				CLANG_WARN_ENUM_CONVERSION = YES;
				CLANG_WARN_INFINITE_RECURSION = YES;
				CLANG_WARN_INT_CONVERSION = YES;
				CLANG_WARN_NON_LITERAL_NULL_CONVERSION = YES;
				CLANG_WARN_OBJC_LITERAL_CONVERSION = YES;
				CLANG_WARN_OBJC_ROOT_CLASS = YES_ERROR;
				CLANG_WARN_RANGE_LOOP_ANALYSIS = YES;
				CLANG_WARN_STRICT_PROTOTYPES = YES;
				CLANG_WARN_SUSPICIOUS_MOVE = YES;
				CLANG_WARN_UNGUARDED_AVAILABILITY = YES_AGGRESSIVE;
				CLANG_WARN_UNREACHABLE_CODE = YES;
				CLANG_WARN__DUPLICATE_METHOD_MATCH = YES;
				CODE_SIGN_IDENTITY = "iPhone Developer";
				COPY_PHASE_STRIP = NO;
				DEBUG_INFORMATION_FORMAT = dwarf;
				ENABLE_STRICT_OBJC_MSGSEND = YES;
				ENABLE_TESTABILITY = YES;
				GCC_C_LANGUAGE_STANDARD = gnu11;
				GCC_DYNAMIC_NO_PIC = NO;
				GCC_NO_COMMON_BLOCKS = YES;
				GCC_OPTIMIZATION_LEVEL = 0;
				GCC_PREPROCESSOR_DEFINITIONS = (
					"DEBUG=1",
					"$(inherited)",
				);
				GCC_WARN_64_TO_32_BIT_CONVERSION = YES;
				GCC_WARN_ABOUT_RETURN_TYPE = YES_ERROR;
				GCC_WARN_UNDECLARED_SELECTOR = YES;
				GCC_WARN_UNINITIALIZED_AUTOS = YES_AGGRESSIVE;
				GCC_WARN_UNUSED_FUNCTION = YES;
				GCC_WARN_UNUSED_VARIABLE = YES;
				IPHONEOS_DEPLOYMENT_TARGET = 11.0;
				MTL_ENABLE_DEBUG_INFO = YES;
				ONLY_ACTIVE_ARCH = YES;
				SDKROOT = iphoneos;
			};
			name = Debug;
		};
		1D3040F51FA2CB4100A66629 /* Release */ = {
			isa = XCBuildConfiguration;
			buildSettings = {
				ALWAYS_SEARCH_USER_PATHS = NO;
				CLANG_ANALYZER_NONNULL = YES;
				CLANG_ANALYZER_NUMBER_OBJECT_CONVERSION = YES_AGGRESSIVE;
				CLANG_CXX_LANGUAGE_STANDARD = "gnu++14";
				CLANG_CXX_LIBRARY = "libc++";
				CLANG_ENABLE_MODULES = YES;
				CLANG_ENABLE_OBJC_ARC = YES;
				CLANG_WARN_BLOCK_CAPTURE_AUTORELEASING = YES;
				CLANG_WARN_BOOL_CONVERSION = YES;
				CLANG_WARN_COMMA = YES;
				CLANG_WARN_CONSTANT_CONVERSION = YES;
				CLANG_WARN_DIRECT_OBJC_ISA_USAGE = YES_ERROR;
				CLANG_WARN_DOCUMENTATION_COMMENTS = YES;
				CLANG_WARN_EMPTY_BODY = YES;
				CLANG_WARN_ENUM_CONVERSION = YES;
				CLANG_WARN_INFINITE_RECURSION = YES;
				CLANG_WARN_INT_CONVERSION = YES;
				CLANG_WARN_NON_LITERAL_NULL_CONVERSION = YES;
				CLANG_WARN_OBJC_LITERAL_CONVERSION = YES;
				CLANG_WARN_OBJC_ROOT_CLASS = YES_ERROR;
				CLANG_WARN_RANGE_LOOP_ANALYSIS = YES;
				CLANG_WARN_STRICT_PROTOTYPES = YES;
				CLANG_WARN_SUSPICIOUS_MOVE = YES;
				CLANG_WARN_UNGUARDED_AVAILABILITY = YES_AGGRESSIVE;
				CLANG_WARN_UNREACHABLE_CODE = YES;
				CLANG_WARN__DUPLICATE_METHOD_MATCH = YES;
				CODE_SIGN_IDENTITY = "iPhone Developer";
				COPY_PHASE_STRIP = NO;
				DEBUG_INFORMATION_FORMAT = "dwarf-with-dsym";
				ENABLE_NS_ASSERTIONS = NO;
				ENABLE_STRICT_OBJC_MSGSEND = YES;
				GCC_C_LANGUAGE_STANDARD = gnu11;
				GCC_NO_COMMON_BLOCKS = YES;
				GCC_WARN_64_TO_32_BIT_CONVERSION = YES;
				GCC_WARN_ABOUT_RETURN_TYPE = YES_ERROR;
				GCC_WARN_UNDECLARED_SELECTOR = YES;
				GCC_WARN_UNINITIALIZED_AUTOS = YES_AGGRESSIVE;
				GCC_WARN_UNUSED_FUNCTION = YES;
				GCC_WARN_UNUSED_VARIABLE = YES;
				IPHONEOS_DEPLOYMENT_TARGET = 11.0;
				MTL_ENABLE_DEBUG_INFO = NO;
				SDKROOT = iphoneos;
				VALIDATE_PRODUCT = YES;
			};
			name = Release;
		};
		1D3040F71FA2CB4200A66629 /* Debug */ = {
			isa = XCBuildConfiguration;
			baseConfigurationReference = 02ABEB7891D475E9DEBD7076 /* Pods-ConfigCenter.debug.xcconfig */;
			buildSettings = {
				ASSETCATALOG_COMPILER_APPICON_NAME = AppIcon;
				"CODE_SIGN_IDENTITY[sdk=iphoneos*]" = "iPhone Developer";
				CODE_SIGN_STYLE = Automatic;
				DEVELOPMENT_TEAM = SYNJQ6CWNM;
				"HEADER_SEARCH_PATHS[arch=*]" = "";
				INFOPLIST_FILE = ConfigCenter/Info.plist;
				IPHONEOS_DEPLOYMENT_TARGET = 9.0;
				LD_RUNPATH_SEARCH_PATHS = "$(inherited) @executable_path/Frameworks";
				PRODUCT_BUNDLE_IDENTIFIER = "--------------.ConfigCenter";
				PRODUCT_NAME = "$(TARGET_NAME)";
				PROVISIONING_PROFILE_SPECIFIER = "";
				TARGETED_DEVICE_FAMILY = "1,2";
			};
			name = Debug;
		};
		1D3040F81FA2CB4200A66629 /* Release */ = {
			isa = XCBuildConfiguration;
			baseConfigurationReference = 5885028EC60541D8EDD9A5BB /* Pods-ConfigCenter.release.xcconfig */;
			buildSettings = {
				ASSETCATALOG_COMPILER_APPICON_NAME = AppIcon;
				"CODE_SIGN_IDENTITY[sdk=iphoneos*]" = "iPhone Developer";
				CODE_SIGN_STYLE = Automatic;
				DEVELOPMENT_TEAM = SYNJQ6CWNM;
				INFOPLIST_FILE = ConfigCenter/Info.plist;
				IPHONEOS_DEPLOYMENT_TARGET = 9.0;
				LD_RUNPATH_SEARCH_PATHS = "$(inherited) @executable_path/Frameworks";
				PRODUCT_BUNDLE_IDENTIFIER = "--------------.ConfigCenter";
				PRODUCT_NAME = "$(TARGET_NAME)";
				PROVISIONING_PROFILE_SPECIFIER = "";
				TARGETED_DEVICE_FAMILY = "1,2";
			};
			name = Release;
		};
/* End XCBuildConfiguration section */

/* Begin XCConfigurationList section */
		1D28BD291FDC196F003E76BD /* Build configuration list for PBXNativeTarget "ConfigCenterTests" */ = {
			isa = XCConfigurationList;
			buildConfigurations = (
				1D28BD271FDC196F003E76BD /* Debug */,
				1D28BD281FDC196F003E76BD /* Release */,
			);
			defaultConfigurationIsVisible = 0;
			defaultConfigurationName = Release;
		};
		1D3040DB1FA2CB4100A66629 /* Build configuration list for PBXProject "ConfigCenter" */ = {
			isa = XCConfigurationList;
			buildConfigurations = (
				1D3040F41FA2CB4100A66629 /* Debug */,
				1D3040F51FA2CB4100A66629 /* Release */,
			);
			defaultConfigurationIsVisible = 0;
			defaultConfigurationName = Release;
		};
		1D3040F61FA2CB4200A66629 /* Build configuration list for PBXNativeTarget "ConfigCenter" */ = {
			isa = XCConfigurationList;
			buildConfigurations = (
				1D3040F71FA2CB4200A66629 /* Debug */,
				1D3040F81FA2CB4200A66629 /* Release */,
			);
			defaultConfigurationIsVisible = 0;
			defaultConfigurationName = Release;
		};
/* End XCConfigurationList section */
	};
	rootObject = 1D3040D81FA2CB4000A66629 /* Project object */;
}
